
Microsoft Visual Studio Solution File, Format Version 12.00
# Visual Studio Version 16
VisualStudioVersion = 16.0.29709.97
MinimumVisualStudioVersion = 10.0.40219.1
Project("{FAE04EC0-301F-11D3-BF4B-00C04F79EFBC}") = "BuildSharper.Course0.WelcomeApp", "BuildSharper.Course0.WelcomeApp\BuildSharper.Course0.WelcomeApp.csproj", "{C6720311-2FDD-4F8A-BC81-88195CC5D048}"
EndProject
Global
	GlobalSection(SolutionConfigurationPlatforms) = preSolution
		Debug|Any CPU = Debug|Any CPU
		Release|Any CPU = Release|Any CPU
	EndGlobalSection
	GlobalSection(ProjectConfigurationPlatforms) = postSolution
		{C6720311-2FDD-4F8A-BC81-88195CC5D048}.Debug|Any CPU.ActiveCfg = Debug|Any CPU
		{C6720311-2FDD-4F8A-BC81-88195CC5D048}.Debug|Any CPU.Build.0 = Debug|Any CPU
		{C6720311-2FDD-4F8A-BC81-88195CC5D048}.Release|Any CPU.ActiveCfg = Release|Any CPU
		{C6720311-2FDD-4F8A-BC81-88195CC5D048}.Release|Any CPU.Build.0 = Release|Any CPU
	EndGlobalSection
	GlobalSection(SolutionProperties) = preSolution
		HideSolutionNode = FALSE
	EndGlobalSection
	GlobalSection(ExtensibilityGlobals) = postSolution
		SolutionGuid = {98E0C6F0-3DC7-4346-B578-46DEF7975F6F}
	EndGlobalSection
EndGlobal
